
Microsoft Visual Studio Solution File, Format Version 12.00
# Visual Studio Version 17
VisualStudioVersion = 17.6.33829.357
MinimumVisualStudioVersion = 10.0.40219.1
Project("{FAE04EC0-301F-11D3-BF4B-00C04F79EFBC}") = "Selenium", "Selenium.csproj", "{FE1ECD24-BDE3-4ACB-B7D4-B2077A41CBCD}"
EndProject
Global
	GlobalSection(SolutionConfigurationPlatforms) = preSolution
		Debug|Any CPU = Debug|Any CPU
		Release|Any CPU = Release|Any CPU
	EndGlobalSection
	GlobalSection(ProjectConfigurationPlatforms) = postSolution
		{FE1ECD24-BDE3-4ACB-B7D4-B2077A41CBCD}.Debug|Any CPU.ActiveCfg = Debug|Any CPU
		{FE1ECD24-BDE3-4ACB-B7D4-B2077A41CBCD}.Debug|Any CPU.Build.0 = Debug|Any CPU
		{FE1ECD24-BDE3-4ACB-B7D4-B2077A41CBCD}.Release|Any CPU.ActiveCfg = Release|Any CPU
		{FE1ECD24-BDE3-4ACB-B7D4-B2077A41CBCD}.Release|Any CPU.Build.0 = Release|Any CPU
	EndGlobalSection
	GlobalSection(SolutionProperties) = preSolution
		HideSolutionNode = FALSE
	EndGlobalSection
	GlobalSection(ExtensibilityGlobals) = postSolution
		SolutionGuid = {ED780F56-36DC-4C37-B86D-51A6118B1ADB}
	EndGlobalSection
EndGlobal
